
Microsoft Visual Studio Solution File, Format Version 12.00
# Visual Studio 15
VisualStudioVersion = 15.0.27130.2036
MinimumVisualStudioVersion = 10.0.40219.1
Project("{FAE04EC0-301F-11D3-BF4B-00C04F79EFBC}") = "11_7", "11_7.csproj", "{BC7FD774-EAC5-4F84-9D67-F53C93CFE5A6}"
EndProject
Global
	GlobalSection(SolutionConfigurationPlatforms) = preSolution
		Debug|Any CPU = Debug|Any CPU
		Release|Any CPU = Release|Any CPU
	EndGlobalSection
	GlobalSection(ProjectConfigurationPlatforms) = postSolution
		{BC7FD774-EAC5-4F84-9D67-F53C93CFE5A6}.Debug|Any CPU.ActiveCfg = Debug|Any CPU
		{BC7FD774-EAC5-4F84-9D67-F53C93CFE5A6}.Debug|Any CPU.Build.0 = Debug|Any CPU
		{BC7FD774-EAC5-4F84-9D67-F53C93CFE5A6}.Release|Any CPU.ActiveCfg = Release|Any CPU
		{BC7FD774-EAC5-4F84-9D67-F53C93CFE5A6}.Release|Any CPU.Build.0 = Release|Any CPU
	EndGlobalSection
	GlobalSection(SolutionProperties) = preSolution
		HideSolutionNode = FALSE
	EndGlobalSection
	GlobalSection(ExtensibilityGlobals) = postSolution
		SolutionGuid = {7841486F-4732-4CE5-863A-997D7043D76C}
	EndGlobalSection
EndGlobal
