
Microsoft Visual Studio Solution File, Format Version 12.00
# Visual Studio 15
VisualStudioVersion = 15.0.27130.2036
MinimumVisualStudioVersion = 10.0.40219.1
Project("{FAE04EC0-301F-11D3-BF4B-00C04F79EFBC}") = "6_3", "6_3.csproj", "{7ED2E764-B963-457F-B65F-C188AFAB3EB1}"
EndProject
Global
	GlobalSection(SolutionConfigurationPlatforms) = preSolution
		Debug|Any CPU = Debug|Any CPU
		Release|Any CPU = Release|Any CPU
	EndGlobalSection
	GlobalSection(ProjectConfigurationPlatforms) = postSolution
		{7ED2E764-B963-457F-B65F-C188AFAB3EB1}.Debug|Any CPU.ActiveCfg = Debug|Any CPU
		{7ED2E764-B963-457F-B65F-C188AFAB3EB1}.Debug|Any CPU.Build.0 = Debug|Any CPU
		{7ED2E764-B963-457F-B65F-C188AFAB3EB1}.Release|Any CPU.ActiveCfg = Release|Any CPU
		{7ED2E764-B963-457F-B65F-C188AFAB3EB1}.Release|Any CPU.Build.0 = Release|Any CPU
	EndGlobalSection
	GlobalSection(SolutionProperties) = preSolution
		HideSolutionNode = FALSE
	EndGlobalSection
	GlobalSection(ExtensibilityGlobals) = postSolution
		SolutionGuid = {D81FD8AF-E06F-43BF-BACD-80E70FE59146}
	EndGlobalSection
EndGlobal
