
Microsoft Visual Studio Solution File, Format Version 12.00
# Visual Studio 15
VisualStudioVersion = 15.0.27130.2036
MinimumVisualStudioVersion = 10.0.40219.1
Project("{FAE04EC0-301F-11D3-BF4B-00C04F79EFBC}") = "oefening", "oefening.csproj", "{632C43B0-3A45-41D2-83C5-29D2EF3E513F}"
EndProject
Global
	GlobalSection(SolutionConfigurationPlatforms) = preSolution
		Debug|Any CPU = Debug|Any CPU
		Release|Any CPU = Release|Any CPU
	EndGlobalSection
	GlobalSection(ProjectConfigurationPlatforms) = postSolution
		{632C43B0-3A45-41D2-83C5-29D2EF3E513F}.Debug|Any CPU.ActiveCfg = Debug|Any CPU
		{632C43B0-3A45-41D2-83C5-29D2EF3E513F}.Debug|Any CPU.Build.0 = Debug|Any CPU
		{632C43B0-3A45-41D2-83C5-29D2EF3E513F}.Release|Any CPU.ActiveCfg = Release|Any CPU
		{632C43B0-3A45-41D2-83C5-29D2EF3E513F}.Release|Any CPU.Build.0 = Release|Any CPU
	EndGlobalSection
	GlobalSection(SolutionProperties) = preSolution
		HideSolutionNode = FALSE
	EndGlobalSection
	GlobalSection(ExtensibilityGlobals) = postSolution
		SolutionGuid = {92904A08-F9C4-47A4-86D1-9B128FC76C47}
	EndGlobalSection
EndGlobal
