
Microsoft Visual Studio Solution File, Format Version 12.00
# Visual Studio 15
VisualStudioVersion = 15.0.27428.2002
MinimumVisualStudioVersion = 10.0.40219.1
Project("{FAE04EC0-301F-11D3-BF4B-00C04F79EFBC}") = "8_11", "8_11.csproj", "{B83B2E45-28B6-48C5-9B18-7EB18F8C13F9}"
EndProject
Global
	GlobalSection(SolutionConfigurationPlatforms) = preSolution
		Debug|Any CPU = Debug|Any CPU
		Release|Any CPU = Release|Any CPU
	EndGlobalSection
	GlobalSection(ProjectConfigurationPlatforms) = postSolution
		{B83B2E45-28B6-48C5-9B18-7EB18F8C13F9}.Debug|Any CPU.ActiveCfg = Debug|Any CPU
		{B83B2E45-28B6-48C5-9B18-7EB18F8C13F9}.Debug|Any CPU.Build.0 = Debug|Any CPU
		{B83B2E45-28B6-48C5-9B18-7EB18F8C13F9}.Release|Any CPU.ActiveCfg = Release|Any CPU
		{B83B2E45-28B6-48C5-9B18-7EB18F8C13F9}.Release|Any CPU.Build.0 = Release|Any CPU
	EndGlobalSection
	GlobalSection(SolutionProperties) = preSolution
		HideSolutionNode = FALSE
	EndGlobalSection
	GlobalSection(ExtensibilityGlobals) = postSolution
		SolutionGuid = {841BB344-618A-4C9C-A344-BDFBEC41A5C1}
	EndGlobalSection
EndGlobal
