
Microsoft Visual Studio Solution File, Format Version 12.00
# Visual Studio 15
VisualStudioVersion = 15.0.27130.2036
MinimumVisualStudioVersion = 10.0.40219.1
Project("{FAE04EC0-301F-11D3-BF4B-00C04F79EFBC}") = "SliderDemo", "SliderDemo.csproj", "{1617A6BA-0BFF-42C7-BA30-07A96D39B03F}"
EndProject
Global
	GlobalSection(SolutionConfigurationPlatforms) = preSolution
		Debug|Any CPU = Debug|Any CPU
		Release|Any CPU = Release|Any CPU
	EndGlobalSection
	GlobalSection(ProjectConfigurationPlatforms) = postSolution
		{1617A6BA-0BFF-42C7-BA30-07A96D39B03F}.Debug|Any CPU.ActiveCfg = Debug|Any CPU
		{1617A6BA-0BFF-42C7-BA30-07A96D39B03F}.Debug|Any CPU.Build.0 = Debug|Any CPU
		{1617A6BA-0BFF-42C7-BA30-07A96D39B03F}.Release|Any CPU.ActiveCfg = Release|Any CPU
		{1617A6BA-0BFF-42C7-BA30-07A96D39B03F}.Release|Any CPU.Build.0 = Release|Any CPU
	EndGlobalSection
	GlobalSection(SolutionProperties) = preSolution
		HideSolutionNode = FALSE
	EndGlobalSection
	GlobalSection(ExtensibilityGlobals) = postSolution
		SolutionGuid = {194AFBCE-E4E3-4E47-A54A-75264EB6A63B}
	EndGlobalSection
EndGlobal
